{
  "name": "node-getopt",
  "version": "0.3.3-forked-by-takamin",
  "lockfileVersion": 2,
  "requires": true,
  "packages": {
    "": {
      "name": "node-getopt",
      "version": "0.3.3-forked-by-takamin",
      "license": "MIT",
      "engines": {
        "node": ">= 0.6.0"
      }
    }
  }
}
